# This file is generated by running "yarn install" inside your project.
# Manual changes might be lost - proceed with caution!

__metadata:
  version: 6
  cacheKey: 8

"@adraffy/ens-normalize@npm:1.9.0":
  version: 1.9.0
  resolution: "@adraffy/ens-normalize@npm:1.9.0"
  checksum: a8d47f85db7a0bba01227fae8781a3245a4517875503d6848a47ca29e7f7da271742a2f93b55afc1b9201e74eda1fd1f1e6e79e70f967359fd7f6ec3d45bf243
  languageName: node
  linkType: hard

"@noble/hashes@npm:1.1.2":
  version: 1.1.2
  resolution: "@noble/hashes@npm:1.1.2"
  checksum: 3c2a8cb7c2e053811032f242155d870c5eb98844d924d69702244d48804cb03b42d4a666c49c2b71164420d8229cb9a6f242b972d50d5bb2f1d673b98b041de2
  languageName: node
  linkType: hard

"@noble/secp256k1@npm:1.7.1":
  version: 1.7.1
  resolution: "@noble/secp256k1@npm:1.7.1"
  checksum: d2301f1f7690368d8409a3152450458f27e54df47e3f917292de3de82c298770890c2de7c967d237eff9c95b70af485389a9695f73eb05a43e2bd562d18b18cb
  languageName: node
  linkType: hard

"aes-js@npm:4.0.0-beta.3":
  version: 4.0.0-beta.3
  resolution: "aes-js@npm:4.0.0-beta.3"
  checksum: 2336feee1e4a7722f5b6ede192b0a22881fd6f9310b36ec10e62b6f015f9fddf812c1d8a61b9743ab710811fd0b0d7aad844178f11e7cb1439bbc14246c6c93e
  languageName: node
  linkType: hard

"ethers@npm:^6.2.3":
  version: 6.2.3
  resolution: "ethers@npm:6.2.3"
  dependencies:
    "@adraffy/ens-normalize": 1.9.0
    "@noble/hashes": 1.1.2
    "@noble/secp256k1": 1.7.1
    aes-js: 4.0.0-beta.3
    tslib: 2.4.0
    ws: 8.5.0
  checksum: 34dfd7570ab37b5e1efd0c5554e4363aaf641e7ead4491993c9e5a0c2d5efeacae85cfc66ab13efff06c700bc10df0cb7099cfb68c1b965afdca2631f5d63e87
  languageName: node
  linkType: hard

"sdk@workspace:.":
  version: 0.0.0-use.local
  resolution: "sdk@workspace:."
  dependencies:
    ethers: ^6.2.3
  languageName: unknown
  linkType: soft

"tslib@npm:2.4.0":
  version: 2.4.0
  resolution: "tslib@npm:2.4.0"
  checksum: 8c4aa6a3c5a754bf76aefc38026134180c053b7bd2f81338cb5e5ebf96fefa0f417bff221592bf801077f5bf990562f6264fecbc42cd3309b33872cb6fc3b113
  languageName: node
  linkType: hard

"ws@npm:8.5.0":
  version: 8.5.0
  resolution: "ws@npm:8.5.0"
  peerDependencies:
    bufferutil: ^4.0.1
    utf-8-validate: ^5.0.2
  peerDependenciesMeta:
    bufferutil:
      optional: true
    utf-8-validate:
      optional: true
  checksum: 76f2f90e40344bf18fd544194e7067812fb1372b2a37865678d8f12afe4b478ff2ebc0c7c0aff82cd5e6b66fc43d889eec0f1865c2365d8f7a66d92da7744a77
  languageName: node
  linkType: hard
